Microsoft Visual Studio Solution File, Format Version 12.00
# Visual Studio Version 17
VisualStudioVersion = 17.13.36105.23
MinimumVisualStudioVersion = 10.0.40219.1
Project("{8BC9CEB8-8B4A-11D0-8D11-00A0C91BC942}") = "vm", "lsp.vcxproj", "{CB2D435D-69A5-4B1A-8077-15100BA6BA03}"
EndProject
Project("{8BC9CEB8-8B4A-11D0-8D11-00A0C91BC942}") = "tc", "vm.vcxproj", "{72826818-B66F-4FD2-B7EE-EEE193DF298D}"
EndProject
Project("{8BC9CEB8-8B4A-11D0-8D11-00A0C91BC942}") = "hex-dump", "hex-dump.vcxproj", "{83648A7E-3550-4DDF-8BB8-351F7BB2A50A}"
EndProject
Global
	GlobalSection(SolutionConfigurationPlatforms) = preSolution
		Debug|x64 = Debug|x64
		Debug|x86 = Debug|x86
		Release|x64 = Release|x64
		Release|x86 = Release|x86
	EndGlobalSection
	GlobalSection(ProjectConfigurationPlatforms) = postSolution
		{CB2D435D-69A5-4B1A-8077-15100BA6BA03}.Debug|x64.ActiveCfg = Debug|x64
		{CB2D435D-69A5-4B1A-8077-15100BA6BA03}.Debug|x64.Build.0 = Debug|x64
		{CB2D435D-69A5-4B1A-8077-15100BA6BA03}.Debug|x86.ActiveCfg = Debug|Win32
		{CB2D435D-69A5-4B1A-8077-15100BA6BA03}.Debug|x86.Build.0 = Debug|Win32
		{CB2D435D-69A5-4B1A-8077-15100BA6BA03}.Release|x64.ActiveCfg = Release|x64
		{CB2D435D-69A5-4B1A-8077-15100BA6BA03}.Release|x64.Build.0 = Release|x64
		{CB2D435D-69A5-4B1A-8077-15100BA6BA03}.Release|x86.ActiveCfg = Release|Win32
		{CB2D435D-69A5-4B1A-8077-15100BA6BA03}.Release|x86.Build.0 = Release|Win32
		{72826818-B66F-4FD2-B7EE-EEE193DF298D}.Debug|x64.ActiveCfg = Debug|x64
		{72826818-B66F-4FD2-B7EE-EEE193DF298D}.Debug|x64.Build.0 = Debug|x64
		{72826818-B66F-4FD2-B7EE-EEE193DF298D}.Debug|x86.ActiveCfg = Debug|Win32
		{72826818-B66F-4FD2-B7EE-EEE193DF298D}.Debug|x86.Build.0 = Debug|Win32
		{72826818-B66F-4FD2-B7EE-EEE193DF298D}.Release|x64.ActiveCfg = Release|x64
		{72826818-B66F-4FD2-B7EE-EEE193DF298D}.Release|x64.Build.0 = Release|x64
		{72826818-B66F-4FD2-B7EE-EEE193DF298D}.Release|x86.ActiveCfg = Release|Win32
		{72826818-B66F-4FD2-B7EE-EEE193DF298D}.Release|x86.Build.0 = Release|Win32
		{83648A7E-3550-4DDF-8BB8-351F7BB2A50A}.Debug|x64.ActiveCfg = Debug|x64
		{83648A7E-3550-4DDF-8BB8-351F7BB2A50A}.Debug|x64.Build.0 = Debug|x64
		{83648A7E-3550-4DDF-8BB8-351F7BB2A50A}.Debug|x86.ActiveCfg = Debug|Win32
		{83648A7E-3550-4DDF-8BB8-351F7BB2A50A}.Debug|x86.Build.0 = Debug|Win32
		{83648A7E-3550-4DDF-8BB8-351F7BB2A50A}.Release|x64.ActiveCfg = Release|x64
		{83648A7E-3550-4DDF-8BB8-351F7BB2A50A}.Release|x64.Build.0 = Release|x64
		{83648A7E-3550-4DDF-8BB8-351F7BB2A50A}.Release|x86.ActiveCfg = Release|Win32
		{83648A7E-3550-4DDF-8BB8-351F7BB2A50A}.Release|x86.Build.0 = Release|Win32
	EndGlobalSection
	GlobalSection(SolutionProperties) = preSolution
		HideSolutionNode = FALSE
	EndGlobalSection
	GlobalSection(ExtensibilityGlobals) = postSolution
		SolutionGuid = {C2304CB4-4ACA-4A41-9669-EACD091DD0F1}
	EndGlobalSection
EndGlobal
